
Microsoft Visual Studio Solution File, Format Version 12.00
# Visual Studio Version 16
VisualStudioVersion = 16.0.31025.194
MinimumVisualStudioVersion = 10.0.40219.1
Project("{9A19103F-16F7-4668-BE54-9A1E7A4F7556}") = "platformy_NET", "platformy_NET.csproj", "{ACCC2632-EE4C-4FC6-A53B-6407456FB871}"
EndProject
Project("{2150E333-8FDC-42A3-9474-1A3956D46DE8}") = "Solution Items", "Solution Items", "{2FDA72CB-A8FB-4F8F-99E5-57297421F096}"
	ProjectSection(SolutionItems) = preProject
		.editorconfig = .editorconfig
	EndProjectSection
EndProject
Global
	GlobalSection(SolutionConfigurationPlatforms) = preSolution
		Debug|Any CPU = Debug|Any CPU
		Release|Any CPU = Release|Any CPU
	EndGlobalSection
	GlobalSection(ProjectConfigurationPlatforms) = postSolution
		{ACCC2632-EE4C-4FC6-A53B-6407456FB871}.Debug|Any CPU.ActiveCfg = Debug|Any CPU
		{ACCC2632-EE4C-4FC6-A53B-6407456FB871}.Debug|Any CPU.Build.0 = Debug|Any CPU
		{ACCC2632-EE4C-4FC6-A53B-6407456FB871}.Release|Any CPU.ActiveCfg = Release|Any CPU
		{ACCC2632-EE4C-4FC6-A53B-6407456FB871}.Release|Any CPU.Build.0 = Release|Any CPU
	EndGlobalSection
	GlobalSection(SolutionProperties) = preSolution
		HideSolutionNode = FALSE
	EndGlobalSection
	GlobalSection(ExtensibilityGlobals) = postSolution
		SolutionGuid = {9001917E-BC9E-4202-9953-A6698941C920}
	EndGlobalSection
	GlobalSection(TeamFoundationVersionControl) = preSolution
		SccNumberOfProjects = 2
		SccEnterpriseProvider = {4CA58AB2-18FA-4F8D-95D4-32DDF27D184C}
		SccTeamFoundationServer = https://dev.azure.com/248957
		SccLocalPath0 = .
		SccProjectUniqueName1 = platformy_NET.csproj
		SccLocalPath1 = .
	EndGlobalSection
EndGlobal
